
Microsoft Visual Studio Solution File, Format Version 12.00
# Visual Studio Version 16
VisualStudioVersion = 16.0.30611.23
MinimumVisualStudioVersion = 10.0.40219.1
Project("{FAE04EC0-301F-11D3-BF4B-00C04F79EFBC}") = "ejercicio_8_14_1", "ejercicio_8_14_1.csproj", "{62046060-12E6-473E-95FB-8D0E3721DB21}"
EndProject
Global
	GlobalSection(SolutionConfigurationPlatforms) = preSolution
		Debug|Any CPU = Debug|Any CPU
		Release|Any CPU = Release|Any CPU
	EndGlobalSection
	GlobalSection(ProjectConfigurationPlatforms) = postSolution
		{62046060-12E6-473E-95FB-8D0E3721DB21}.Debug|Any CPU.ActiveCfg = Debug|Any CPU
		{62046060-12E6-473E-95FB-8D0E3721DB21}.Debug|Any CPU.Build.0 = Debug|Any CPU
		{62046060-12E6-473E-95FB-8D0E3721DB21}.Release|Any CPU.ActiveCfg = Release|Any CPU
		{62046060-12E6-473E-95FB-8D0E3721DB21}.Release|Any CPU.Build.0 = Release|Any CPU
	EndGlobalSection
	GlobalSection(SolutionProperties) = preSolution
		HideSolutionNode = FALSE
	EndGlobalSection
	GlobalSection(ExtensibilityGlobals) = postSolution
		SolutionGuid = {26CB1488-3E36-446D-8FFE-82FE9C9B28D0}
	EndGlobalSection
EndGlobal
