
Microsoft Visual Studio Solution File, Format Version 12.00
# Visual Studio Version 16
VisualStudioVersion = 16.0.30503.244
MinimumVisualStudioVersion = 10.0.40219.1
Project("{FAE04EC0-301F-11D3-BF4B-00C04F79EFBC}") = "ejercicio_8_13_1", "ejercicio_8_13_1.csproj", "{20F0EEFF-67CF-48A7-A4E0-5C61D6919D40}"
EndProject
Global
	GlobalSection(SolutionConfigurationPlatforms) = preSolution
		Debug|Any CPU = Debug|Any CPU
		Release|Any CPU = Release|Any CPU
	EndGlobalSection
	GlobalSection(ProjectConfigurationPlatforms) = postSolution
		{20F0EEFF-67CF-48A7-A4E0-5C61D6919D40}.Debug|Any CPU.ActiveCfg = Debug|Any CPU
		{20F0EEFF-67CF-48A7-A4E0-5C61D6919D40}.Debug|Any CPU.Build.0 = Debug|Any CPU
		{20F0EEFF-67CF-48A7-A4E0-5C61D6919D40}.Release|Any CPU.ActiveCfg = Release|Any CPU
		{20F0EEFF-67CF-48A7-A4E0-5C61D6919D40}.Release|Any CPU.Build.0 = Release|Any CPU
	EndGlobalSection
	GlobalSection(SolutionProperties) = preSolution
		HideSolutionNode = FALSE
	EndGlobalSection
	GlobalSection(ExtensibilityGlobals) = postSolution
		SolutionGuid = {D373AC01-7C5D-4D8D-B9D2-0BB75BD004DC}
	EndGlobalSection
EndGlobal
