
Microsoft Visual Studio Solution File, Format Version 12.00
# Visual Studio Version 17
VisualStudioVersion = 17.1.32319.34
MinimumVisualStudioVersion = 10.0.40219.1
Project("{FAE04EC0-301F-11D3-BF4B-00C04F79EFBC}") = "Reordenar listas y control de ficheros", "Reordenar listas y control de ficheros\Reordenar listas y control de ficheros.csproj", "{DBC73537-FD36-4D8F-BE35-A461B4DD486F}"
EndProject
Global
	GlobalSection(SolutionConfigurationPlatforms) = preSolution
		Debug|Any CPU = Debug|Any CPU
		Release|Any CPU = Release|Any CPU
	EndGlobalSection
	GlobalSection(ProjectConfigurationPlatforms) = postSolution
		{DBC73537-FD36-4D8F-BE35-A461B4DD486F}.Debug|Any CPU.ActiveCfg = Debug|Any CPU
		{DBC73537-FD36-4D8F-BE35-A461B4DD486F}.Debug|Any CPU.Build.0 = Debug|Any CPU
		{DBC73537-FD36-4D8F-BE35-A461B4DD486F}.Release|Any CPU.ActiveCfg = Release|Any CPU
		{DBC73537-FD36-4D8F-BE35-A461B4DD486F}.Release|Any CPU.Build.0 = Release|Any CPU
	EndGlobalSection
	GlobalSection(SolutionProperties) = preSolution
		HideSolutionNode = FALSE
	EndGlobalSection
	GlobalSection(ExtensibilityGlobals) = postSolution
		SolutionGuid = {7BB4421B-1385-48CF-9BC7-6A10E2191438}
	EndGlobalSection
EndGlobal
