
Microsoft Visual Studio Solution File, Format Version 12.00
# Visual Studio Version 16
VisualStudioVersion = 16.0.30503.244
MinimumVisualStudioVersion = 10.0.40219.1
Project("{FAE04EC0-301F-11D3-BF4B-00C04F79EFBC}") = "ejercicio_8_12_1", "ejercicio_8_12_1.csproj", "{4405038A-34A8-4547-9703-1E2B27ED5383}"
EndProject
Global
	GlobalSection(SolutionConfigurationPlatforms) = preSolution
		Debug|Any CPU = Debug|Any CPU
		Release|Any CPU = Release|Any CPU
	EndGlobalSection
	GlobalSection(ProjectConfigurationPlatforms) = postSolution
		{4405038A-34A8-4547-9703-1E2B27ED5383}.Debug|Any CPU.ActiveCfg = Debug|Any CPU
		{4405038A-34A8-4547-9703-1E2B27ED5383}.Debug|Any CPU.Build.0 = Debug|Any CPU
		{4405038A-34A8-4547-9703-1E2B27ED5383}.Release|Any CPU.ActiveCfg = Release|Any CPU
		{4405038A-34A8-4547-9703-1E2B27ED5383}.Release|Any CPU.Build.0 = Release|Any CPU
	EndGlobalSection
	GlobalSection(SolutionProperties) = preSolution
		HideSolutionNode = FALSE
	EndGlobalSection
	GlobalSection(ExtensibilityGlobals) = postSolution
		SolutionGuid = {BE5A0903-625F-4A3C-A45B-E2C4D9BC396D}
	EndGlobalSection
EndGlobal
