
Microsoft Visual Studio Solution File, Format Version 12.00
# Visual Studio Version 16
VisualStudioVersion = 16.0.30611.23
MinimumVisualStudioVersion = 10.0.40219.1
Project("{FAE04EC0-301F-11D3-BF4B-00C04F79EFBC}") = "ejercicio_8_4_1", "ejercicio_8_4_1.csproj", "{24611F8A-D616-4F9D-A542-9E3BFF0B8DC6}"
EndProject
Global
	GlobalSection(SolutionConfigurationPlatforms) = preSolution
		Debug|Any CPU = Debug|Any CPU
		Release|Any CPU = Release|Any CPU
	EndGlobalSection
	GlobalSection(ProjectConfigurationPlatforms) = postSolution
		{24611F8A-D616-4F9D-A542-9E3BFF0B8DC6}.Debug|Any CPU.ActiveCfg = Debug|Any CPU
		{24611F8A-D616-4F9D-A542-9E3BFF0B8DC6}.Debug|Any CPU.Build.0 = Debug|Any CPU
		{24611F8A-D616-4F9D-A542-9E3BFF0B8DC6}.Release|Any CPU.ActiveCfg = Release|Any CPU
		{24611F8A-D616-4F9D-A542-9E3BFF0B8DC6}.Release|Any CPU.Build.0 = Release|Any CPU
	EndGlobalSection
	GlobalSection(SolutionProperties) = preSolution
		HideSolutionNode = FALSE
	EndGlobalSection
	GlobalSection(ExtensibilityGlobals) = postSolution
		SolutionGuid = {C706D4B4-D068-489C-BF53-A4AC2FCEF700}
	EndGlobalSection
EndGlobal
