
Microsoft Visual Studio Solution File, Format Version 12.00
# Visual Studio Version 16
VisualStudioVersion = 16.0.31321.278
MinimumVisualStudioVersion = 10.0.40219.1
Project("{FAE04EC0-301F-11D3-BF4B-00C04F79EFBC}") = "Ejercicios 2 EVA", "Ejercicios 2 EVA.csproj", "{E2737A3F-1A43-4D10-AC65-93AB99CE8F43}"
EndProject
Global
	GlobalSection(SolutionConfigurationPlatforms) = preSolution
		Debug|Any CPU = Debug|Any CPU
		Release|Any CPU = Release|Any CPU
	EndGlobalSection
	GlobalSection(ProjectConfigurationPlatforms) = postSolution
		{E2737A3F-1A43-4D10-AC65-93AB99CE8F43}.Debug|Any CPU.ActiveCfg = Debug|Any CPU
		{E2737A3F-1A43-4D10-AC65-93AB99CE8F43}.Debug|Any CPU.Build.0 = Debug|Any CPU
		{E2737A3F-1A43-4D10-AC65-93AB99CE8F43}.Release|Any CPU.ActiveCfg = Release|Any CPU
		{E2737A3F-1A43-4D10-AC65-93AB99CE8F43}.Release|Any CPU.Build.0 = Release|Any CPU
	EndGlobalSection
	GlobalSection(SolutionProperties) = preSolution
		HideSolutionNode = FALSE
	EndGlobalSection
	GlobalSection(ExtensibilityGlobals) = postSolution
		SolutionGuid = {AC8C5B61-E127-412C-8F3F-57FF1C0E87EB}
	EndGlobalSection
EndGlobal
