
Microsoft Visual Studio Solution File, Format Version 12.00
# Visual Studio Version 16
VisualStudioVersion = 16.0.29911.84
MinimumVisualStudioVersion = 10.0.40219.1
Project("{FAE04EC0-301F-11D3-BF4B-00C04F79EFBC}") = "ejercicio_8_9_1", "ejercicio_8_9_1\ejercicio_8_9_1.csproj", "{BDF1561B-D46C-4878-A836-D3300239E40C}"
EndProject
Global
	GlobalSection(SolutionConfigurationPlatforms) = preSolution
		Debug|Any CPU = Debug|Any CPU
		Release|Any CPU = Release|Any CPU
	EndGlobalSection
	GlobalSection(ProjectConfigurationPlatforms) = postSolution
		{BDF1561B-D46C-4878-A836-D3300239E40C}.Debug|Any CPU.ActiveCfg = Debug|Any CPU
		{BDF1561B-D46C-4878-A836-D3300239E40C}.Debug|Any CPU.Build.0 = Debug|Any CPU
		{BDF1561B-D46C-4878-A836-D3300239E40C}.Release|Any CPU.ActiveCfg = Release|Any CPU
		{BDF1561B-D46C-4878-A836-D3300239E40C}.Release|Any CPU.Build.0 = Release|Any CPU
	EndGlobalSection
	GlobalSection(SolutionProperties) = preSolution
		HideSolutionNode = FALSE
	EndGlobalSection
	GlobalSection(ExtensibilityGlobals) = postSolution
		SolutionGuid = {C56C0C34-8498-4F60-8FDC-628B47F510AF}
	EndGlobalSection
EndGlobal
