
Microsoft Visual Studio Solution File, Format Version 12.00
# Visual Studio Version 17
VisualStudioVersion = 17.0.32112.339
MinimumVisualStudioVersion = 10.0.40219.1
Project("{FAE04EC0-301F-11D3-BF4B-00C04F79EFBC}") = "Control Ficheros", "Control Ficheros\Control Ficheros.csproj", "{FE427211-497C-406A-A4D1-049A6DD389F0}"
EndProject
Global
	GlobalSection(SolutionConfigurationPlatforms) = preSolution
		Debug|Any CPU = Debug|Any CPU
		Release|Any CPU = Release|Any CPU
	EndGlobalSection
	GlobalSection(ProjectConfigurationPlatforms) = postSolution
		{FE427211-497C-406A-A4D1-049A6DD389F0}.Debug|Any CPU.ActiveCfg = Debug|Any CPU
		{FE427211-497C-406A-A4D1-049A6DD389F0}.Debug|Any CPU.Build.0 = Debug|Any CPU
		{FE427211-497C-406A-A4D1-049A6DD389F0}.Release|Any CPU.ActiveCfg = Release|Any CPU
		{FE427211-497C-406A-A4D1-049A6DD389F0}.Release|Any CPU.Build.0 = Release|Any CPU
	EndGlobalSection
	GlobalSection(SolutionProperties) = preSolution
		HideSolutionNode = FALSE
	EndGlobalSection
	GlobalSection(ExtensibilityGlobals) = postSolution
		SolutionGuid = {1A3B5E9F-3777-4905-8F01-4B764B582B7F}
	EndGlobalSection
EndGlobal
