
Microsoft Visual Studio Solution File, Format Version 12.00
# Visual Studio Version 16
VisualStudioVersion = 16.0.810.17
MinimumVisualStudioVersion = 10.0.40219.1
Project("{FAE04EC0-301F-11D3-BF4B-00C04F79EFBC}") = "PruebasExamen", "PruebasExamen\PruebasExamen.csproj", "{0FFE0BB4-48DD-465A-9A69-30ED52CD88E4}"
EndProject
Global
	GlobalSection(SolutionConfigurationPlatforms) = preSolution
		Debug|Any CPU = Debug|Any CPU
		Release|Any CPU = Release|Any CPU
	EndGlobalSection
	GlobalSection(ProjectConfigurationPlatforms) = postSolution
		{0FFE0BB4-48DD-465A-9A69-30ED52CD88E4}.Debug|Any CPU.ActiveCfg = Debug|Any CPU
		{0FFE0BB4-48DD-465A-9A69-30ED52CD88E4}.Debug|Any CPU.Build.0 = Debug|Any CPU
		{0FFE0BB4-48DD-465A-9A69-30ED52CD88E4}.Release|Any CPU.ActiveCfg = Release|Any CPU
		{0FFE0BB4-48DD-465A-9A69-30ED52CD88E4}.Release|Any CPU.Build.0 = Release|Any CPU
	EndGlobalSection
	GlobalSection(SolutionProperties) = preSolution
		HideSolutionNode = FALSE
	EndGlobalSection
	GlobalSection(ExtensibilityGlobals) = postSolution
		SolutionGuid = {3DB1BDA8-97DA-4661-81C6-3F6502FB5D3C}
	EndGlobalSection
EndGlobal
