
Microsoft Visual Studio Solution File, Format Version 12.00
# Visual Studio Version 16
VisualStudioVersion = 16.0.30503.244
MinimumVisualStudioVersion = 10.0.40219.1
Project("{FAE04EC0-301F-11D3-BF4B-00C04F79EFBC}") = "ejercicio_8_11_3", "ejercicio_8_11_3.csproj", "{C5CFDF39-D052-4D85-BB33-84E26FD49F1A}"
EndProject
Global
	GlobalSection(SolutionConfigurationPlatforms) = preSolution
		Debug|Any CPU = Debug|Any CPU
		Release|Any CPU = Release|Any CPU
	EndGlobalSection
	GlobalSection(ProjectConfigurationPlatforms) = postSolution
		{C5CFDF39-D052-4D85-BB33-84E26FD49F1A}.Debug|Any CPU.ActiveCfg = Debug|Any CPU
		{C5CFDF39-D052-4D85-BB33-84E26FD49F1A}.Debug|Any CPU.Build.0 = Debug|Any CPU
		{C5CFDF39-D052-4D85-BB33-84E26FD49F1A}.Release|Any CPU.ActiveCfg = Release|Any CPU
		{C5CFDF39-D052-4D85-BB33-84E26FD49F1A}.Release|Any CPU.Build.0 = Release|Any CPU
	EndGlobalSection
	GlobalSection(SolutionProperties) = preSolution
		HideSolutionNode = FALSE
	EndGlobalSection
	GlobalSection(ExtensibilityGlobals) = postSolution
		SolutionGuid = {23333D19-0D65-40CE-8D9B-5CFC861B3B81}
	EndGlobalSection
EndGlobal
