
Microsoft Visual Studio Solution File, Format Version 12.00
# Visual Studio Version 16
VisualStudioVersion = 16.0.30503.244
MinimumVisualStudioVersion = 10.0.40219.1
Project("{FAE04EC0-301F-11D3-BF4B-00C04F79EFBC}") = "ejercicio_8_3_3", "ejercicio_8_3_3.csproj", "{8285CDBE-AAAA-4B27-9DC4-365FB5EC7CBB}"
EndProject
Global
	GlobalSection(SolutionConfigurationPlatforms) = preSolution
		Debug|Any CPU = Debug|Any CPU
		Release|Any CPU = Release|Any CPU
	EndGlobalSection
	GlobalSection(ProjectConfigurationPlatforms) = postSolution
		{8285CDBE-AAAA-4B27-9DC4-365FB5EC7CBB}.Debug|Any CPU.ActiveCfg = Debug|Any CPU
		{8285CDBE-AAAA-4B27-9DC4-365FB5EC7CBB}.Debug|Any CPU.Build.0 = Debug|Any CPU
		{8285CDBE-AAAA-4B27-9DC4-365FB5EC7CBB}.Release|Any CPU.ActiveCfg = Release|Any CPU
		{8285CDBE-AAAA-4B27-9DC4-365FB5EC7CBB}.Release|Any CPU.Build.0 = Release|Any CPU
	EndGlobalSection
	GlobalSection(SolutionProperties) = preSolution
		HideSolutionNode = FALSE
	EndGlobalSection
	GlobalSection(ExtensibilityGlobals) = postSolution
		SolutionGuid = {7CDFF408-E0F8-4645-8E8C-82E91FA64336}
	EndGlobalSection
EndGlobal
