
Microsoft Visual Studio Solution File, Format Version 12.00
# Visual Studio Version 16
VisualStudioVersion = 16.0.30611.23
MinimumVisualStudioVersion = 10.0.40219.1
Project("{FAE04EC0-301F-11D3-BF4B-00C04F79EFBC}") = "ejercicio_8_6_1", "ejercicio_8_6_1.csproj", "{08519A46-A38C-4C27-802D-8BD3F3ECED20}"
EndProject
Global
	GlobalSection(SolutionConfigurationPlatforms) = preSolution
		Debug|Any CPU = Debug|Any CPU
		Release|Any CPU = Release|Any CPU
	EndGlobalSection
	GlobalSection(ProjectConfigurationPlatforms) = postSolution
		{08519A46-A38C-4C27-802D-8BD3F3ECED20}.Debug|Any CPU.ActiveCfg = Debug|Any CPU
		{08519A46-A38C-4C27-802D-8BD3F3ECED20}.Debug|Any CPU.Build.0 = Debug|Any CPU
		{08519A46-A38C-4C27-802D-8BD3F3ECED20}.Release|Any CPU.ActiveCfg = Release|Any CPU
		{08519A46-A38C-4C27-802D-8BD3F3ECED20}.Release|Any CPU.Build.0 = Release|Any CPU
	EndGlobalSection
	GlobalSection(SolutionProperties) = preSolution
		HideSolutionNode = FALSE
	EndGlobalSection
	GlobalSection(ExtensibilityGlobals) = postSolution
		SolutionGuid = {04DAC2DB-CC1B-42C1-A8A3-C708280A73FE}
	EndGlobalSection
EndGlobal
